
Microsoft Visual Studio Solution File, Format Version 12.00
# Visual Studio 14
VisualStudioVersion = 14.0.25420.1
MinimumVisualStudioVersion = 10.0.40219.1
Project("{8BC9CEB8-8B4A-11D0-8D11-00A0C91BC942}") = "akseed_calc", "akseed_calc.vcxproj", "{76C5DF16-BFB5-4686-9E3E-281A8C141505}"
EndProject
Global
	GlobalSection(SolutionConfigurationPlatforms) = preSolution
		Debug|x64 = Debug|x64
		Debug|x86 = Debug|x86
		Release|x64 = Release|x64
		Release|x86 = Release|x86
	EndGlobalSection
	GlobalSection(ProjectConfigurationPlatforms) = postSolution
		{76C5DF16-BFB5-4686-9E3E-281A8C141505}.Debug|x64.ActiveCfg = Debug|x64
		{76C5DF16-BFB5-4686-9E3E-281A8C141505}.Debug|x64.Build.0 = Debug|x64
		{76C5DF16-BFB5-4686-9E3E-281A8C141505}.Debug|x86.ActiveCfg = Debug|Win32
		{76C5DF16-BFB5-4686-9E3E-281A8C141505}.Debug|x86.Build.0 = Debug|Win32
		{76C5DF16-BFB5-4686-9E3E-281A8C141505}.Release|x64.ActiveCfg = Release|x64
		{76C5DF16-BFB5-4686-9E3E-281A8C141505}.Release|x64.Build.0 = Release|x64
		{76C5DF16-BFB5-4686-9E3E-281A8C141505}.Release|x86.ActiveCfg = Release|Win32
		{76C5DF16-BFB5-4686-9E3E-281A8C141505}.Release|x86.Build.0 = Release|Win32
	EndGlobalSection
	GlobalSection(SolutionProperties) = preSolution
		HideSolutionNode = FALSE
	EndGlobalSection
EndGlobal
